// !$*UTF8*$!
{
	archiveVersion = 1;
	classes = {
	};
	objectVersion = 56;
	objects = {

/* Begin PBXBuildFile section */
		98126B542A4B573B0023613E /* GoogleService-Info.plist in Resources */ = {isa = PBXBuildFile; fileRef = 98126B532A4B573B0023613E /* GoogleService-Info.plist */; };
		98126B572A4B57DD0023613E /* FirebaseAuth in Frameworks */ = {isa = PBXBuildFile; productRef = 98126B562A4B57DD0023613E /* FirebaseAuth */; };
		98126B592A4B57DD0023613E /* FirebaseFirestoreSwift in Frameworks */ = {isa = PBXBuildFile; productRef = 98126B582A4B57DD0023613E /* FirebaseFirestoreSwift */; };
		98126B5B2A4B57DD0023613E /* FirebaseStorage in Frameworks */ = {isa = PBXBuildFile; productRef = 98126B5A2A4B57DD0023613E /* FirebaseStorage */; };
		98126B5E2A4B7B5D0023613E /* Alert.swift in Sources */ = {isa = PBXBuildFile; fileRef = 98126B5D2A4B7B5D0023613E /* Alert.swift */; };
		98126B632A4B941C0023613E /* HomeViewController.swift in Sources */ = {isa = PBXBuildFile; fileRef = 98126B622A4B941C0023613E /* HomeViewController.swift */; };
		98126B652A4B94300023613E /* HomeScreen.swift in Sources */ = {isa = PBXBuildFile; fileRef = 98126B642A4B94300023613E /* HomeScreen.swift */; };
		98126B682A4C3AE70023613E /* UserDetailTableViewCell.swift in Sources */ = {isa = PBXBuildFile; fileRef = 98126B672A4C3AE70023613E /* UserDetailTableViewCell.swift */; };
		9825E07B2A466628009A2C19 /* Utils.swift in Sources */ = {isa = PBXBuildFile; fileRef = 9825E07A2A466628009A2C19 /* Utils.swift */; };
		982E7B682A41134B00B7A948 /* RegisterViewController.swift in Sources */ = {isa = PBXBuildFile; fileRef = 982E7B672A41134B00B7A948 /* RegisterViewController.swift */; };
		982E7B6A2A41136A00B7A948 /* RegisterScreen.swift in Sources */ = {isa = PBXBuildFile; fileRef = 982E7B692A41136A00B7A948 /* RegisterScreen.swift */; };
		982E7B722A419EA400B7A948 /* SnapKit in Frameworks */ = {isa = PBXBuildFile; productRef = 982E7B712A419EA400B7A948 /* SnapKit */; };
		985AC7442A42598C00672288 /* ViewCodeDescomplicadoTests.swift in Sources */ = {isa = PBXBuildFile; fileRef = 985AC7432A42598C00672288 /* ViewCodeDescomplicadoTests.swift */; };
		986E258C2A378ABF00F757AA /* LoginScreen.swift in Sources */ = {isa = PBXBuildFile; fileRef = 986E258B2A378ABF00F757AA /* LoginScreen.swift */; };
		98FE2D2A2A369F8D00353565 /* AppDelegate.swift in Sources */ = {isa = PBXBuildFile; fileRef = 98FE2D292A369F8D00353565 /* AppDelegate.swift */; };
		98FE2D2C2A369F8D00353565 /* SceneDelegate.swift in Sources */ = {isa = PBXBuildFile; fileRef = 98FE2D2B2A369F8D00353565 /* SceneDelegate.swift */; };
		98FE2D2E2A369F8D00353565 /* LoginViewController.swift in Sources */ = {isa = PBXBuildFile; fileRef = 98FE2D2D2A369F8D00353565 /* LoginViewController.swift */; };
		98FE2D332A369F8F00353565 /* Assets.xcassets in Resources */ = {isa = PBXBuildFile; fileRef = 98FE2D322A369F8F00353565 /* Assets.xcassets */; };
		98FE2D362A369F8F00353565 /* LaunchScreen.storyboard in Resources */ = {isa = PBXBuildFile; fileRef = 98FE2D342A369F8F00353565 /* LaunchScreen.storyboard */; };
/* End PBXBuildFile section */

/* Begin PBXContainerItemProxy section */
		985AC7452A42598C00672288 /* PBXContainerItemProxy */ = {
			isa = PBXContainerItemProxy;
			containerPortal = 98FE2D1E2A369F8D00353565 /* Project object */;
			proxyType = 1;
			remoteGlobalIDString = 98FE2D252A369F8D00353565;
			remoteInfo = ViewCodeDescomplicado;
		};
/* End PBXContainerItemProxy section */

/* Begin PBXFileReference section */
		98126B532A4B573B0023613E /* GoogleService-Info.plist */ = {isa = PBXFileReference; fileEncoding = 4; lastKnownFileType = text.plist.xml; path = "GoogleService-Info.plist"; sourceTree = "<group>"; };
		98126B5D2A4B7B5D0023613E /* Alert.swift */ = {isa = PBXFileReference; lastKnownFileType = sourcecode.swift; path = Alert.swift; sourceTree = "<group>"; };
		98126B622A4B941C0023613E /* HomeViewController.swift */ = {isa = PBXFileReference; lastKnownFileType = sourcecode.swift; path = HomeViewController.swift; sourceTree = "<group>"; };
		98126B642A4B94300023613E /* HomeScreen.swift */ = {isa = PBXFileReference; lastKnownFileType = sourcecode.swift; path = HomeScreen.swift; sourceTree = "<group>"; };
		98126B672A4C3AE70023613E /* UserDetailTableViewCell.swift */ = {isa = PBXFileReference; lastKnownFileType = sourcecode.swift; path = UserDetailTableViewCell.swift; sourceTree = "<group>"; };
		9825E07A2A466628009A2C19 /* Utils.swift */ = {isa = PBXFileReference; lastKnownFileType = sourcecode.swift; path = Utils.swift; sourceTree = "<group>"; };
		982E7B672A41134B00B7A948 /* RegisterViewController.swift */ = {isa = PBXFileReference; lastKnownFileType = sourcecode.swift; path = RegisterViewController.swift; sourceTree = "<group>"; };
		982E7B692A41136A00B7A948 /* RegisterScreen.swift */ = {isa = PBXFileReference; lastKnownFileType = sourcecode.swift; path = RegisterScreen.swift; sourceTree = "<group>"; };
		985AC7412A42598C00672288 /* ViewCodeDescomplicadoTests.xctest */ = {isa = PBXFileReference; explicitFileType = wrapper.cfbundle; includeInIndex = 0; path = ViewCodeDescomplicadoTests.xctest; sourceTree = BUILT_PRODUCTS_DIR; };
		985AC7432A42598C00672288 /* ViewCodeDescomplicadoTests.swift */ = {isa = PBXFileReference; lastKnownFileType = sourcecode.swift; path = ViewCodeDescomplicadoTests.swift; sourceTree = "<group>"; };
		986E258B2A378ABF00F757AA /* LoginScreen.swift */ = {isa = PBXFileReference; lastKnownFileType = sourcecode.swift; path = LoginScreen.swift; sourceTree = "<group>"; };
		98FE2D262A369F8D00353565 /* ViewCodeDescomplicado.app */ = {isa = PBXFileReference; explicitFileType = wrapper.application; includeInIndex = 0; path = ViewCodeDescomplicado.app; sourceTree = BUILT_PRODUCTS_DIR; };
		98FE2D292A369F8D00353565 /* AppDelegate.swift */ = {isa = PBXFileReference; lastKnownFileType = sourcecode.swift; path = AppDelegate.swift; sourceTree = "<group>"; };
		98FE2D2B2A369F8D00353565 /* SceneDelegate.swift */ = {isa = PBXFileReference; lastKnownFileType = sourcecode.swift; path = SceneDelegate.swift; sourceTree = "<group>"; };
		98FE2D2D2A369F8D00353565 /* LoginViewController.swift */ = {isa = PBXFileReference; lastKnownFileType = sourcecode.swift; path = LoginViewController.swift; sourceTree = "<group>"; };
		98FE2D322A369F8F00353565 /* Assets.xcassets */ = {isa = PBXFileReference; lastKnownFileType = folder.assetcatalog; path = Assets.xcassets; sourceTree = "<group>"; };
		98FE2D352A369F8F00353565 /* Base */ = {isa = PBXFileReference; lastKnownFileType = file.storyboard; name = Base; path = Base.lproj/LaunchScreen.storyboard; sourceTree = "<group>"; };
		98FE2D372A369F8F00353565 /* Info.plist */ = {isa = PBXFileReference; lastKnownFileType = text.plist.xml; path = Info.plist; sourceTree = "<group>"; };
/* End PBXFileReference section */

/* Begin PBXFrameworksBuildPhase section */
		985AC73E2A42598C00672288 /* Frameworks */ = {
			isa = PBXFrameworksBuildPhase;
			buildActionMask = 2147483647;
			files = (
			);
			runOnlyForDeploymentPostprocessing = 0;
		};
		98FE2D232A369F8D00353565 /* Frameworks */ = {
			isa = PBXFrameworksBuildPhase;
			buildActionMask = 2147483647;
			files = (
				982E7B722A419EA400B7A948 /* SnapKit in Frameworks */,
				98126B5B2A4B57DD0023613E /* FirebaseStorage in Frameworks */,
				98126B572A4B57DD0023613E /* FirebaseAuth in Frameworks */,
				98126B592A4B57DD0023613E /* FirebaseFirestoreSwift in Frameworks */,
			);
			runOnlyForDeploymentPostprocessing = 0;
		};
/* End PBXFrameworksBuildPhase section */

/* Begin PBXGroup section */
		98126B5C2A4B7B490023613E /* Alert */ = {
			isa = PBXGroup;
			children = (
				98126B5D2A4B7B5D0023613E /* Alert.swift */,
			);
			path = Alert;
			sourceTree = "<group>";
		};
		98126B5F2A4B93E80023613E /* Home */ = {
			isa = PBXGroup;
			children = (
				98126B612A4B93F70023613E /* Screen */,
				98126B602A4B93F10023613E /* VC */,
			);
			path = Home;
			sourceTree = "<group>";
		};
		98126B602A4B93F10023613E /* VC */ = {
			isa = PBXGroup;
			children = (
				98126B622A4B941C0023613E /* HomeViewController.swift */,
			);
			path = VC;
			sourceTree = "<group>";
		};
		98126B612A4B93F70023613E /* Screen */ = {
			isa = PBXGroup;
			children = (
				98126B642A4B94300023613E /* HomeScreen.swift */,
			);
			path = Screen;
			sourceTree = "<group>";
		};
		98126B662A4C394D0023613E /* Cells */ = {
			isa = PBXGroup;
			children = (
				98126B672A4C3AE70023613E /* UserDetailTableViewCell.swift */,
			);
			path = Cells;
			sourceTree = "<group>";
		};
		982E7B632A4112F800B7A948 /* Login */ = {
			isa = PBXGroup;
			children = (
				986E258E2A378B9D00F757AA /* VC */,
				986E258D2A378B9800F757AA /* Screen */,
			);
			path = Login;
			sourceTree = "<group>";
		};
		982E7B642A41130E00B7A948 /* Register */ = {
			isa = PBXGroup;
			children = (
				982E7B662A41132A00B7A948 /* Screen */,
				982E7B652A41131500B7A948 /* VC */,
			);
			path = Register;
			sourceTree = "<group>";
		};
		982E7B652A41131500B7A948 /* VC */ = {
			isa = PBXGroup;
			children = (
				982E7B672A41134B00B7A948 /* RegisterViewController.swift */,
			);
			path = VC;
			sourceTree = "<group>";
		};
		982E7B662A41132A00B7A948 /* Screen */ = {
			isa = PBXGroup;
			children = (
				982E7B692A41136A00B7A948 /* RegisterScreen.swift */,
			);
			path = Screen;
			sourceTree = "<group>";
		};
		985AC7422A42598C00672288 /* ViewCodeDescomplicadoTests */ = {
			isa = PBXGroup;
			children = (
				985AC7432A42598C00672288 /* ViewCodeDescomplicadoTests.swift */,
			);
			path = ViewCodeDescomplicadoTests;
			sourceTree = "<group>";
		};
		986E258D2A378B9800F757AA /* Screen */ = {
			isa = PBXGroup;
			children = (
				986E258B2A378ABF00F757AA /* LoginScreen.swift */,
			);
			path = Screen;
			sourceTree = "<group>";
		};
		986E258E2A378B9D00F757AA /* VC */ = {
			isa = PBXGroup;
			children = (
				98FE2D2D2A369F8D00353565 /* LoginViewController.swift */,
			);
			path = VC;
			sourceTree = "<group>";
		};
		98FE2D1D2A369F8D00353565 = {
			isa = PBXGroup;
			children = (
				98FE2D282A369F8D00353565 /* ViewCodeDescomplicado */,
				985AC7422A42598C00672288 /* ViewCodeDescomplicadoTests */,
				98FE2D272A369F8D00353565 /* Products */,
			);
			sourceTree = "<group>";
		};
		98FE2D272A369F8D00353565 /* Products */ = {
			isa = PBXGroup;
			children = (
				98FE2D262A369F8D00353565 /* ViewCodeDescomplicado.app */,
				985AC7412A42598C00672288 /* ViewCodeDescomplicadoTests.xctest */,
			);
			name = Products;
			sourceTree = "<group>";
		};
		98FE2D282A369F8D00353565 /* ViewCodeDescomplicado */ = {
			isa = PBXGroup;
			children = (
				98126B662A4C394D0023613E /* Cells */,
				98126B5F2A4B93E80023613E /* Home */,
				98126B5C2A4B7B490023613E /* Alert */,
				98126B532A4B573B0023613E /* GoogleService-Info.plist */,
				982E7B642A41130E00B7A948 /* Register */,
				982E7B632A4112F800B7A948 /* Login */,
				98FE2D292A369F8D00353565 /* AppDelegate.swift */,
				98FE2D2B2A369F8D00353565 /* SceneDelegate.swift */,
				98FE2D322A369F8F00353565 /* Assets.xcassets */,
				98FE2D342A369F8F00353565 /* LaunchScreen.storyboard */,
				98FE2D372A369F8F00353565 /* Info.plist */,
				9825E07A2A466628009A2C19 /* Utils.swift */,
			);
			path = ViewCodeDescomplicado;
			sourceTree = "<group>";
		};
/* End PBXGroup section */

/* Begin PBXNativeTarget section */
		985AC7402A42598C00672288 /* ViewCodeDescomplicadoTests */ = {
			isa = PBXNativeTarget;
			buildConfigurationList = 985AC7472A42598C00672288 /* Build configuration list for PBXNativeTarget "ViewCodeDescomplicadoTests" */;
			buildPhases = (
				985AC73D2A42598C00672288 /* Sources */,
				985AC73E2A42598C00672288 /* Frameworks */,
				985AC73F2A42598C00672288 /* Resources */,
			);
			buildRules = (
			);
			dependencies = (
				985AC7462A42598C00672288 /* PBXTargetDependency */,
			);
			name = ViewCodeDescomplicadoTests;
			productName = ViewCodeDescomplicadoTests;
			productReference = 985AC7412A42598C00672288 /* ViewCodeDescomplicadoTests.xctest */;
			productType = "com.apple.product-type.bundle.unit-test";
		};
		98FE2D252A369F8D00353565 /* ViewCodeDescomplicado */ = {
			isa = PBXNativeTarget;
			buildConfigurationList = 98FE2D3A2A369F8F00353565 /* Build configuration list for PBXNativeTarget "ViewCodeDescomplicado" */;
			buildPhases = (
				98FE2D222A369F8D00353565 /* Sources */,
				98FE2D232A369F8D00353565 /* Frameworks */,
				98FE2D242A369F8D00353565 /* Resources */,
			);
			buildRules = (
			);
			dependencies = (
			);
			name = ViewCodeDescomplicado;
			packageProductDependencies = (
				982E7B712A419EA400B7A948 /* SnapKit */,
				98126B562A4B57DD0023613E /* FirebaseAuth */,
				98126B582A4B57DD0023613E /* FirebaseFirestoreSwift */,
				98126B5A2A4B57DD0023613E /* FirebaseStorage */,
			);
			productName = ViewCodeDescomplicado;
			productReference = 98FE2D262A369F8D00353565 /* ViewCodeDescomplicado.app */;
			productType = "com.apple.product-type.application";
		};
/* End PBXNativeTarget section */

/* Begin PBXProject section */
		98FE2D1E2A369F8D00353565 /* Project object */ = {
			isa = PBXProject;
			attributes = {
				BuildIndependentTargetsInParallel = 1;
				LastSwiftUpdateCheck = 1500;
				LastUpgradeCheck = 1430;
				TargetAttributes = {
					985AC7402A42598C00672288 = {
						CreatedOnToolsVersion = 15.0;
						TestTargetID = 98FE2D252A369F8D00353565;
					};
					98FE2D252A369F8D00353565 = {
						CreatedOnToolsVersion = 14.3.1;
					};
				};
			};
			buildConfigurationList = 98FE2D212A369F8D00353565 /* Build configuration list for PBXProject "ViewCodeDescomplicado" */;
			compatibilityVersion = "Xcode 14.0";
			developmentRegion = en;
			hasScannedForEncodings = 0;
			knownRegions = (
				en,
				Base,
			);
			mainGroup = 98FE2D1D2A369F8D00353565;
			packageReferences = (
				982E7B702A419EA400B7A948 /* XCRemoteSwiftPackageReference "SnapKit" */,
				98126B552A4B57DD0023613E /* XCRemoteSwiftPackageReference "firebase-ios-sdk" */,
			);
			productRefGroup = 98FE2D272A369F8D00353565 /* Products */;
			projectDirPath = "";
			projectRoot = "";
			targets = (
				98FE2D252A369F8D00353565 /* ViewCodeDescomplicado */,
				985AC7402A42598C00672288 /* ViewCodeDescomplicadoTests */,
			);
		};
/* End PBXProject section */

/* Begin PBXResourcesBuildPhase section */
		985AC73F2A42598C00672288 /* Resources */ = {
			isa = PBXResourcesBuildPhase;
			buildActionMask = 2147483647;
			files = (
			);
			runOnlyForDeploymentPostprocessing = 0;
		};
		98FE2D242A369F8D00353565 /* Resources */ = {
			isa = PBXResourcesBuildPhase;
			buildActionMask = 2147483647;
			files = (
				98FE2D362A369F8F00353565 /* LaunchScreen.storyboard in Resources */,
				98FE2D332A369F8F00353565 /* Assets.xcassets in Resources */,
				98126B542A4B573B0023613E /* GoogleService-Info.plist in Resources */,
			);
			runOnlyForDeploymentPostprocessing = 0;
		};
/* End PBXResourcesBuildPhase section */

/* Begin PBXSourcesBuildPhase section */
		985AC73D2A42598C00672288 /* Sources */ = {
			isa = PBXSourcesBuildPhase;
			buildActionMask = 2147483647;
			files = (
				985AC7442A42598C00672288 /* ViewCodeDescomplicadoTests.swift in Sources */,
			);
			runOnlyForDeploymentPostprocessing = 0;
		};
		98FE2D222A369F8D00353565 /* Sources */ = {
			isa = PBXSourcesBuildPhase;
			buildActionMask = 2147483647;
			files = (
				98FE2D2E2A369F8D00353565 /* LoginViewController.swift in Sources */,
				98126B682A4C3AE70023613E /* UserDetailTableViewCell.swift in Sources */,
				982E7B682A41134B00B7A948 /* RegisterViewController.swift in Sources */,
				986E258C2A378ABF00F757AA /* LoginScreen.swift in Sources */,
				9825E07B2A466628009A2C19 /* Utils.swift in Sources */,
				982E7B6A2A41136A00B7A948 /* RegisterScreen.swift in Sources */,
				98126B632A4B941C0023613E /* HomeViewController.swift in Sources */,
				98126B652A4B94300023613E /* HomeScreen.swift in Sources */,
				98FE2D2A2A369F8D00353565 /* AppDelegate.swift in Sources */,
				98126B5E2A4B7B5D0023613E /* Alert.swift in Sources */,
				98FE2D2C2A369F8D00353565 /* SceneDelegate.swift in Sources */,
			);
			runOnlyForDeploymentPostprocessing = 0;
		};
/* End PBXSourcesBuildPhase section */

/* Begin PBXTargetDependency section */
		985AC7462A42598C00672288 /* PBXTargetDependency */ = {
			isa = PBXTargetDependency;
			target = 98FE2D252A369F8D00353565 /* ViewCodeDescomplicado */;
			targetProxy = 985AC7452A42598C00672288 /* PBXContainerItemProxy */;
		};
/* End PBXTargetDependency section */

/* Begin PBXVariantGroup section */
		98FE2D342A369F8F00353565 /* LaunchScreen.storyboard */ = {
			isa = PBXVariantGroup;
			children = (
				98FE2D352A369F8F00353565 /* Base */,
			);
			name = LaunchScreen.storyboard;
			sourceTree = "<group>";
		};
/* End PBXVariantGroup section */

/* Begin XCBuildConfiguration section */
		985AC7482A42598C00672288 /* Debug */ = {
			isa = XCBuildConfiguration;
			buildSettings = {
				ASSETCATALOG_COMPILER_GENERATE_SWIFT_ASSET_SYMBOL_EXTENSIONS = YES;
				BUNDLE_LOADER = "$(TEST_HOST)";
				CODE_SIGN_STYLE = Automatic;
				CURRENT_PROJECT_VERSION = 1;
				DEVELOPMENT_TEAM = 597F2F2R8L;
				ENABLE_USER_SCRIPT_SANDBOXING = YES;
				GCC_C_LANGUAGE_STANDARD = gnu17;
				GENERATE_INFOPLIST_FILE = YES;
				IPHONEOS_DEPLOYMENT_TARGET = 17.0;
				LOCALIZATION_PREFERS_STRING_CATALOGS = YES;
				MARKETING_VERSION = 1.0;
				PRODUCT_BUNDLE_IDENTIFIER = com.sillas.ViewCodeDescomplicadoTests;
				PRODUCT_NAME = "$(TARGET_NAME)";
				SWIFT_ACTIVE_COMPILATION_CONDITIONS = "DEBUG $(inherited)";
				SWIFT_EMIT_LOC_STRINGS = NO;
				SWIFT_VERSION = 5.0;
				TARGETED_DEVICE_FAMILY = "1,2";
				TEST_HOST = "$(BUILT_PRODUCTS_DIR)/ViewCodeDescomplicado.app/$(BUNDLE_EXECUTABLE_FOLDER_PATH)/ViewCodeDescomplicado";
			};
			name = Debug;
		};
		985AC7492A42598C00672288 /* Release */ = {
			isa = XCBuildConfiguration;
			buildSettings = {
				ASSETCATALOG_COMPILER_GENERATE_SWIFT_ASSET_SYMBOL_EXTENSIONS = YES;
				BUNDLE_LOADER = "$(TEST_HOST)";
				CODE_SIGN_STYLE = Automatic;
				CURRENT_PROJECT_VERSION = 1;
				DEVELOPMENT_TEAM = 597F2F2R8L;
				ENABLE_USER_SCRIPT_SANDBOXING = YES;
				GCC_C_LANGUAGE_STANDARD = gnu17;
				GENERATE_INFOPLIST_FILE = YES;
				IPHONEOS_DEPLOYMENT_TARGET = 17.0;
				LOCALIZATION_PREFERS_STRING_CATALOGS = YES;
				MARKETING_VERSION = 1.0;
				PRODUCT_BUNDLE_IDENTIFIER = com.sillas.ViewCodeDescomplicadoTests;
				PRODUCT_NAME = "$(TARGET_NAME)";
				SWIFT_EMIT_LOC_STRINGS = NO;
				SWIFT_VERSION = 5.0;
				TARGETED_DEVICE_FAMILY = "1,2";
				TEST_HOST = "$(BUILT_PRODUCTS_DIR)/ViewCodeDescomplicado.app/$(BUNDLE_EXECUTABLE_FOLDER_PATH)/ViewCodeDescomplicado";
			};
			name = Release;
		};
		98FE2D382A369F8F00353565 /* Debug */ = {
			isa = XCBuildConfiguration;
			buildSettings = {
				ALWAYS_SEARCH_USER_PATHS = NO;
				CLANG_ANALYZER_NONNULL = YES;
				CLANG_ANALYZER_NUMBER_OBJECT_CONVERSION = YES_AGGRESSIVE;
				CLANG_CXX_LANGUAGE_STANDARD = "gnu++20";
				CLANG_ENABLE_MODULES = YES;
				CLANG_ENABLE_OBJC_ARC = YES;
				CLANG_ENABLE_OBJC_WEAK = YES;
				CLANG_WARN_BLOCK_CAPTURE_AUTORELEASING = YES;
				CLANG_WARN_BOOL_CONVERSION = YES;
				CLANG_WARN_COMMA = YES;
				CLANG_WARN_CONSTANT_CONVERSION = YES;
				CLANG_WARN_DEPRECATED_OBJC_IMPLEMENTATIONS = YES;
				CLANG_WARN_DIRECT_OBJC_ISA_USAGE = YES_ERROR;
				CLANG_WARN_DOCUMENTATION_COMMENTS = YES;
				CLANG_WARN_EMPTY_BODY = YES;
				CLANG_WARN_ENUM_CONVERSION = YES;
				CLANG_WARN_INFINITE_RECURSION = YES;
				CLANG_WARN_INT_CONVERSION = YES;
				CLANG_WARN_NON_LITERAL_NULL_CONVERSION = YES;
				CLANG_WARN_OBJC_IMPLICIT_RETAIN_SELF = YES;
				CLANG_WARN_OBJC_LITERAL_CONVERSION = YES;
				CLANG_WARN_OBJC_ROOT_CLASS = YES_ERROR;
				CLANG_WARN_QUOTED_INCLUDE_IN_FRAMEWORK_HEADER = YES;
				CLANG_WARN_RANGE_LOOP_ANALYSIS = YES;
				CLANG_WARN_STRICT_PROTOTYPES = YES;
				CLANG_WARN_SUSPICIOUS_MOVE = YES;
				CLANG_WARN_UNGUARDED_AVAILABILITY = YES_AGGRESSIVE;
				CLANG_WARN_UNREACHABLE_CODE = YES;
				CLANG_WARN__DUPLICATE_METHOD_MATCH = YES;
				COPY_PHASE_STRIP = NO;
				DEBUG_INFORMATION_FORMAT = dwarf;
				ENABLE_STRICT_OBJC_MSGSEND = YES;
				ENABLE_TESTABILITY = YES;
				GCC_C_LANGUAGE_STANDARD = gnu11;
				GCC_DYNAMIC_NO_PIC = NO;
				GCC_NO_COMMON_BLOCKS = YES;
				GCC_OPTIMIZATION_LEVEL = 0;
				GCC_PREPROCESSOR_DEFINITIONS = (
					"DEBUG=1",
					"$(inherited)",
				);
				GCC_WARN_64_TO_32_BIT_CONVERSION = YES;
				GCC_WARN_ABOUT_RETURN_TYPE = YES_ERROR;
				GCC_WARN_UNDECLARED_SELECTOR = YES;
				GCC_WARN_UNINITIALIZED_AUTOS = YES_AGGRESSIVE;
				GCC_WARN_UNUSED_FUNCTION = YES;
				GCC_WARN_UNUSED_VARIABLE = YES;
				IPHONEOS_DEPLOYMENT_TARGET = 16.4;
				MTL_ENABLE_DEBUG_INFO = INCLUDE_SOURCE;
				MTL_FAST_MATH = YES;
				ONLY_ACTIVE_ARCH = YES;
				SDKROOT = iphoneos;
				SWIFT_ACTIVE_COMPILATION_CONDITIONS = DEBUG;
				SWIFT_OPTIMIZATION_LEVEL = "-Onone";
			};
			name = Debug;
		};
		98FE2D392A369F8F00353565 /* Release */ = {
			isa = XCBuildConfiguration;
			buildSettings = {
				ALWAYS_SEARCH_USER_PATHS = NO;
				CLANG_ANALYZER_NONNULL = YES;
				CLANG_ANALYZER_NUMBER_OBJECT_CONVERSION = YES_AGGRESSIVE;
				CLANG_CXX_LANGUAGE_STANDARD = "gnu++20";
				CLANG_ENABLE_MODULES = YES;
				CLANG_ENABLE_OBJC_ARC = YES;
				CLANG_ENABLE_OBJC_WEAK = YES;
				CLANG_WARN_BLOCK_CAPTURE_AUTORELEASING = YES;
				CLANG_WARN_BOOL_CONVERSION = YES;
				CLANG_WARN_COMMA = YES;
				CLANG_WARN_CONSTANT_CONVERSION = YES;
				CLANG_WARN_DEPRECATED_OBJC_IMPLEMENTATIONS = YES;
				CLANG_WARN_DIRECT_OBJC_ISA_USAGE = YES_ERROR;
				CLANG_WARN_DOCUMENTATION_COMMENTS = YES;
				CLANG_WARN_EMPTY_BODY = YES;
				CLANG_WARN_ENUM_CONVERSION = YES;
				CLANG_WARN_INFINITE_RECURSION = YES;
				CLANG_WARN_INT_CONVERSION = YES;
				CLANG_WARN_NON_LITERAL_NULL_CONVERSION = YES;
				CLANG_WARN_OBJC_IMPLICIT_RETAIN_SELF = YES;
				CLANG_WARN_OBJC_LITERAL_CONVERSION = YES;
				CLANG_WARN_OBJC_ROOT_CLASS = YES_ERROR;
				CLANG_WARN_QUOTED_INCLUDE_IN_FRAMEWORK_HEADER = YES;
				CLANG_WARN_RANGE_LOOP_ANALYSIS = YES;
				CLANG_WARN_STRICT_PROTOTYPES = YES;
				CLANG_WARN_SUSPICIOUS_MOVE = YES;
				CLANG_WARN_UNGUARDED_AVAILABILITY = YES_AGGRESSIVE;
				CLANG_WARN_UNREACHABLE_CODE = YES;
				CLANG_WARN__DUPLICATE_METHOD_MATCH = YES;
				COPY_PHASE_STRIP = NO;
				DEBUG_INFORMATION_FORMAT = "dwarf-with-dsym";
				ENABLE_NS_ASSERTIONS = NO;
				ENABLE_STRICT_OBJC_MSGSEND = YES;
				GCC_C_LANGUAGE_STANDARD = gnu11;
				GCC_NO_COMMON_BLOCKS = YES;
				GCC_WARN_64_TO_32_BIT_CONVERSION = YES;
				GCC_WARN_ABOUT_RETURN_TYPE = YES_ERROR;
				GCC_WARN_UNDECLARED_SELECTOR = YES;
				GCC_WARN_UNINITIALIZED_AUTOS = YES_AGGRESSIVE;
				GCC_WARN_UNUSED_FUNCTION = YES;
				GCC_WARN_UNUSED_VARIABLE = YES;
				IPHONEOS_DEPLOYMENT_TARGET = 16.4;
				MTL_ENABLE_DEBUG_INFO = NO;
				MTL_FAST_MATH = YES;
				SDKROOT = iphoneos;
				SWIFT_COMPILATION_MODE = wholemodule;
				SWIFT_OPTIMIZATION_LEVEL = "-O";
				VALIDATE_PRODUCT = YES;
			};
			name = Release;
		};
		98FE2D3B2A369F8F00353565 /* Debug */ = {
			isa = XCBuildConfiguration;
			buildSettings = {
				ASSETCATALOG_COMPILER_APPICON_NAME = AppIcon;
				ASSETCATALOG_COMPILER_GLOBAL_ACCENT_COLOR_NAME = AccentColor;
				CODE_SIGN_STYLE = Automatic;
				CURRENT_PROJECT_VERSION = 1;
				DEVELOPMENT_TEAM = 597F2F2R8L;
				GENERATE_INFOPLIST_FILE = YES;
				INFOPLIST_FILE = ViewCodeDescomplicado/Info.plist;
				INFOPLIST_KEY_UIApplicationSupportsIndirectInputEvents = YES;
				INFOPLIST_KEY_UILaunchStoryboardName = LaunchScreen;
				INFOPLIST_KEY_UISupportedInterfaceOrientations_iPad = "UIInterfaceOrientationPortrait UIInterfaceOrientationPortraitUpsideDown UIInterfaceOrientationLandscapeLeft UIInterfaceOrientationLandscapeRight";
				INFOPLIST_KEY_UISupportedInterfaceOrientations_iPhone = "UIInterfaceOrientationPortrait UIInterfaceOrientationLandscapeLeft UIInterfaceOrientationLandscapeRight";
				LD_RUNPATH_SEARCH_PATHS = (
					"$(inherited)",
					"@executable_path/Frameworks",
				);
				MARKETING_VERSION = 1.0;
				PRODUCT_BUNDLE_IDENTIFIER = com.sillas.ViewCodeDescomplicado;
				PRODUCT_NAME = "$(TARGET_NAME)";
				SWIFT_EMIT_LOC_STRINGS = YES;
				SWIFT_VERSION = 5.0;
				TARGETED_DEVICE_FAMILY = "1,2";
			};
			name = Debug;
		};
		98FE2D3C2A369F8F00353565 /* Release */ = {
			isa = XCBuildConfiguration;
			buildSettings = {
				ASSETCATALOG_COMPILER_APPICON_NAME = AppIcon;
				ASSETCATALOG_COMPILER_GLOBAL_ACCENT_COLOR_NAME = AccentColor;
				CODE_SIGN_STYLE = Automatic;
				CURRENT_PROJECT_VERSION = 1;
				DEVELOPMENT_TEAM = 597F2F2R8L;
				GENERATE_INFOPLIST_FILE = YES;
				INFOPLIST_FILE = ViewCodeDescomplicado/Info.plist;
				INFOPLIST_KEY_UIApplicationSupportsIndirectInputEvents = YES;
				INFOPLIST_KEY_UILaunchStoryboardName = LaunchScreen;
				INFOPLIST_KEY_UISupportedInterfaceOrientations_iPad = "UIInterfaceOrientationPortrait UIInterfaceOrientationPortraitUpsideDown UIInterfaceOrientationLandscapeLeft UIInterfaceOrientationLandscapeRight";
				INFOPLIST_KEY_UISupportedInterfaceOrientations_iPhone = "UIInterfaceOrientationPortrait UIInterfaceOrientationLandscapeLeft UIInterfaceOrientationLandscapeRight";
				LD_RUNPATH_SEARCH_PATHS = (
					"$(inherited)",
					"@executable_path/Frameworks",
				);
				MARKETING_VERSION = 1.0;
				PRODUCT_BUNDLE_IDENTIFIER = com.sillas.ViewCodeDescomplicado;
				PRODUCT_NAME = "$(TARGET_NAME)";
				SWIFT_EMIT_LOC_STRINGS = YES;
				SWIFT_VERSION = 5.0;
				TARGETED_DEVICE_FAMILY = "1,2";
			};
			name = Release;
		};
/* End XCBuildConfiguration section */

/* Begin XCConfigurationList section */
		985AC7472A42598C00672288 /* Build configuration list for PBXNativeTarget "ViewCodeDescomplicadoTests" */ = {
			isa = XCConfigurationList;
			buildConfigurations = (
				985AC7482A42598C00672288 /* Debug */,
				985AC7492A42598C00672288 /* Release */,
			);
			defaultConfigurationIsVisible = 0;
			defaultConfigurationName = Release;
		};
		98FE2D212A369F8D00353565 /* Build configuration list for PBXProject "ViewCodeDescomplicado" */ = {
			isa = XCConfigurationList;
			buildConfigurations = (
				98FE2D382A369F8F00353565 /* Debug */,
				98FE2D392A369F8F00353565 /* Release */,
			);
			defaultConfigurationIsVisible = 0;
			defaultConfigurationName = Release;
		};
		98FE2D3A2A369F8F00353565 /* Build configuration list for PBXNativeTarget "ViewCodeDescomplicado" */ = {
			isa = XCConfigurationList;
			buildConfigurations = (
				98FE2D3B2A369F8F00353565 /* Debug */,
				98FE2D3C2A369F8F00353565 /* Release */,
			);
			defaultConfigurationIsVisible = 0;
			defaultConfigurationName = Release;
		};
/* End XCConfigurationList section */

/* Begin XCRemoteSwiftPackageReference section */
		98126B552A4B57DD0023613E /* XCRemoteSwiftPackageReference "firebase-ios-sdk" */ = {
			isa = XCRemoteSwiftPackageReference;
			repositoryURL = "https://github.com/firebase/firebase-ios-sdk";
			requirement = {
				kind = upToNextMajorVersion;
				minimumVersion = 10.0.0;
			};
		};
		982E7B702A419EA400B7A948 /* XCRemoteSwiftPackageReference "SnapKit" */ = {
			isa = XCRemoteSwiftPackageReference;
			repositoryURL = "https://github.com/SnapKit/SnapKit.git";
			requirement = {
				kind = upToNextMajorVersion;
				minimumVersion = 5.0.0;
			};
		};
/* End XCRemoteSwiftPackageReference section */

/* Begin XCSwiftPackageProductDependency section */
		98126B562A4B57DD0023613E /* FirebaseAuth */ = {
			isa = XCSwiftPackageProductDependency;
			package = 98126B552A4B57DD0023613E /* XCRemoteSwiftPackageReference "firebase-ios-sdk" */;
			productName = FirebaseAuth;
		};
		98126B582A4B57DD0023613E /* FirebaseFirestoreSwift */ = {
			isa = XCSwiftPackageProductDependency;
			package = 98126B552A4B57DD0023613E /* XCRemoteSwiftPackageReference "firebase-ios-sdk" */;
			productName = FirebaseFirestoreSwift;
		};
		98126B5A2A4B57DD0023613E /* FirebaseStorage */ = {
			isa = XCSwiftPackageProductDependency;
			package = 98126B552A4B57DD0023613E /* XCRemoteSwiftPackageReference "firebase-ios-sdk" */;
			productName = FirebaseStorage;
		};
		982E7B712A419EA400B7A948 /* SnapKit */ = {
			isa = XCSwiftPackageProductDependency;
			package = 982E7B702A419EA400B7A948 /* XCRemoteSwiftPackageReference "SnapKit" */;
			productName = SnapKit;
		};
/* End XCSwiftPackageProductDependency section */
	};
	rootObject = 98FE2D1E2A369F8D00353565 /* Project object */;
}
